
Microsoft Visual Studio Solution File, Format Version 12.00
# Visual Studio Version 16
VisualStudioVersion = 16.0.30711.63
MinimumVisualStudioVersion = 10.0.40219.1
Project("{FAE04EC0-301F-11D3-BF4B-00C04F79EFBC}") = "Design.Android", "Design.Android\Design.Android.csproj", "{7AF002F8-3F11-4297-8739-5C2ED0C59210}"
EndProject
Project("{9A19103F-16F7-4668-BE54-9A1E7A4F7556}") = "Design", "Design\Design.csproj", "{E48BD019-E127-46AC-BA76-8692B7F64D5C}"
EndProject
Global
	GlobalSection(SolutionConfigurationPlatforms) = preSolution
		Debug|Any CPU = Debug|Any CPU
		Debug|x64 = Debug|x64
		Release|Any CPU = Release|Any CPU
		Release|x64 = Release|x64
	EndGlobalSection
	GlobalSection(ProjectConfigurationPlatforms) = postSolution
		{7AF002F8-3F11-4297-8739-5C2ED0C59210}.Debug|Any CPU.ActiveCfg = Debug|Any CPU
		{7AF002F8-3F11-4297-8739-5C2ED0C59210}.Debug|Any CPU.Build.0 = Debug|Any CPU
		{7AF002F8-3F11-4297-8739-5C2ED0C59210}.Debug|Any CPU.Deploy.0 = Debug|Any CPU
		{7AF002F8-3F11-4297-8739-5C2ED0C59210}.Debug|x64.ActiveCfg = Debug|x64
		{7AF002F8-3F11-4297-8739-5C2ED0C59210}.Debug|x64.Build.0 = Debug|x64
		{7AF002F8-3F11-4297-8739-5C2ED0C59210}.Debug|x64.Deploy.0 = Debug|x64
		{7AF002F8-3F11-4297-8739-5C2ED0C59210}.Release|Any CPU.ActiveCfg = Release|Any CPU
		{7AF002F8-3F11-4297-8739-5C2ED0C59210}.Release|Any CPU.Build.0 = Release|Any CPU
		{7AF002F8-3F11-4297-8739-5C2ED0C59210}.Release|Any CPU.Deploy.0 = Release|Any CPU
		{7AF002F8-3F11-4297-8739-5C2ED0C59210}.Release|x64.ActiveCfg = Release|x64
		{7AF002F8-3F11-4297-8739-5C2ED0C59210}.Release|x64.Build.0 = Release|x64
		{7AF002F8-3F11-4297-8739-5C2ED0C59210}.Release|x64.Deploy.0 = Release|x64
		{E48BD019-E127-46AC-BA76-8692B7F64D5C}.Debug|Any CPU.ActiveCfg = Debug|Any CPU
		{E48BD019-E127-46AC-BA76-8692B7F64D5C}.Debug|Any CPU.Build.0 = Debug|Any CPU
		{E48BD019-E127-46AC-BA76-8692B7F64D5C}.Debug|Any CPU.Deploy.0 = Debug|Any CPU
		{E48BD019-E127-46AC-BA76-8692B7F64D5C}.Debug|x64.ActiveCfg = Debug|x64
		{E48BD019-E127-46AC-BA76-8692B7F64D5C}.Debug|x64.Build.0 = Debug|x64
		{E48BD019-E127-46AC-BA76-8692B7F64D5C}.Release|Any CPU.ActiveCfg = Release|Any CPU
		{E48BD019-E127-46AC-BA76-8692B7F64D5C}.Release|Any CPU.Build.0 = Release|Any CPU
		{E48BD019-E127-46AC-BA76-8692B7F64D5C}.Release|Any CPU.Deploy.0 = Release|Any CPU
		{E48BD019-E127-46AC-BA76-8692B7F64D5C}.Release|x64.ActiveCfg = Release|x64
		{E48BD019-E127-46AC-BA76-8692B7F64D5C}.Release|x64.Build.0 = Release|x64
	EndGlobalSection
	GlobalSection(SolutionProperties) = preSolution
		HideSolutionNode = FALSE
	EndGlobalSection
	GlobalSection(ExtensibilityGlobals) = postSolution
		SolutionGuid = {233E28E7-1B0C-4DFD-962F-CD10C0029BD3}
	EndGlobalSection
EndGlobal
